{"SurveyEntry":{"SurveyID":"SV_4ZwUh5oDIjKKgU6","SurveyName":"Survey Flow Embedded Data","SurveyDescription":null,"SurveyOwnerID":"UR_1ZzZlgmAsB74vfD","SurveyBrandID":"uva","DivisionID":"DV_9MEH7xRrHd6AifH","SurveyLanguage":"EN","SurveyActiveResponseSet":"RS_9HwfOp2JOssFEnY","SurveyStatus":"Inactive","SurveyStartDate":"0000-00-00 00:00:00","SurveyExpirationDate":"0000-00-00 00:00:00","SurveyCreationDate":"2024-08-20 07:16:53","CreatorID":"UR_1ZzZlgmAsB74vfD","LastModified":"2024-08-20 10:33:25","LastAccessed":"0000-00-00 00:00:00","LastActivated":"0000-00-00 00:00:00","Deleted":null},"SurveyElements":[{"SurveyID":"SV_4ZwUh5oDIjKKgU6","Element":"BL","PrimaryAttribute":"Survey Blocks","SecondaryAttribute":null,"TertiaryAttribute":null,"Payload":{"1":{"Type":"Trash","Description":"Trash \/ Unused Questions","ID":"BL_3ODbEAQrznkEvau","BlockElements":[],"Options":{"BlockLocking":"false","RandomizeQuestions":"false","BlockVisibility":"Expanded"}},"2":{"Type":"Standard","SubType":"","Description":"Survey Flow Embedded Data Block","ID":"BL_daSsDmqM6jgLiiq"}}},{"SurveyID":"SV_4ZwUh5oDIjKKgU6","Element":"FL","PrimaryAttribute":"Survey Flow","SecondaryAttribute":null,"TertiaryAttribute":null,"Payload":{"Type":"Root","FlowID":"FL_1","Flow":[{"Type":"EmbeddedData","FlowID":"FL_33","EmbeddedData":[{"Description":"__js_trial1_conditionKey","Type":"Recipient","Field":"__js_trial1_conditionKey","VariableType":"String","DataVisibility":[],"AnalyzeText":false},{"Description":"__js_trial1_JobAd","Type":"Recipient","Field":"__js_trial1_JobAd","VariableType":"String","DataVisibility":[],"AnalyzeText":false},{"Description":"__js_trial1_leftCandidate","Type":"Recipient","Field":"__js_trial1_leftCandidate","VariableType":"String","DataVisibility":[],"AnalyzeText":false},{"Description":"__js_trial1_leftLabel","Type":"Recipient","Field":"__js_trial1_leftLabel","VariableType":"String","DataVisibility":[],"AnalyzeText":false},{"Description":"__js_trial1_leftChoiceId","Type":"Recipient","Field":"__js_trial1_leftChoiceId","VariableType":"String","DataVisibility":[],"AnalyzeText":false},{"Description":"__js_trial1_leftRecode","Type":"Recipient","Field":"__js_trial1_leftRecode","VariableType":"String","DataVisibility":[],"AnalyzeText":false},{"Description":"__js_trial1_rightCandidate","Type":"Recipient","Field":"__js_trial1_rightCandidate","VariableType":"String","DataVisibility":[],"AnalyzeText":false},{"Description":"__js_trial1_rightLabel","Type":"Recipient","Field":"__js_trial1_rightLabel","VariableType":"String","DataVisibility":[],"AnalyzeText":false},{"Description":"__js_trial1_rightChoiceId","Type":"Recipient","Field":"__js_trial1_rightChoiceId","VariableType":"String","DataVisibility":[],"AnalyzeText":false},{"Description":"__js_trial1_rightRecode","Type":"Recipient","Field":"__js_trial1_rightRecode","VariableType":"String","DataVisibility":[],"AnalyzeText":false},{"Description":"__js_trial1_aiRecommended","Type":"Recipient","Field":"__js_trial1_aiRecommended","VariableType":"String","DataVisibility":[],"AnalyzeText":false},{"Description":"__js_trial1_diversityCue","Type":"Recipient","Field":"__js_trial1_diversityCue","VariableType":"String","DataVisibility":[],"AnalyzeText":false},{"Description":"__js_trial1_choiceId","Type":"Recipient","Field":"__js_trial1_choiceId","VariableType":"String","DataVisibility":[],"AnalyzeText":false},{"Description":"__js_trial2_conditionKey","Type":"Recipient","Field":"__js_trial2_conditionKey","VariableType":"String","DataVisibility":[],"AnalyzeText":false},{"Description":"__js_trial2_JobAd","Type":"Recipient","Field":"__js_trial2_JobAd","VariableType":"String","DataVisibility":[],"AnalyzeText":false},{"Description":"__js_trial2_leftCandidate","Type":"Recipient","Field":"__js_trial2_leftCandidate","VariableType":"String","DataVisibility":[],"AnalyzeText":false},{"Description":"__js_trial2_leftLabel","Type":"Recipient","Field":"__js_trial2_leftLabel","VariableType":"String","DataVisibility":[],"AnalyzeText":false},{"Description":"__js_trial2_leftChoiceId","Type":"Recipient","Field":"__js_trial2_leftChoiceId","VariableType":"String","DataVisibility":[],"AnalyzeText":false},{"Description":"__js_trial2_leftRecode","Type":"Recipient","Field":"__js_trial2_leftRecode","VariableType":"String","DataVisibility":[],"AnalyzeText":false},{"Description":"__js_trial2_rightCandidate","Type":"Recipient","Field":"__js_trial2_rightCandidate","VariableType":"String","DataVisibility":[],"AnalyzeText":false},{"Description":"__js_trial2_rightLabel","Type":"Recipient","Field":"__js_trial2_rightLabel","VariableType":"String","DataVisibility":[],"AnalyzeText":false},{"Description":"__js_trial2_rightChoiceId","Type":"Recipient","Field":"__js_trial2_rightChoiceId","VariableType":"String","DataVisibility":[],"AnalyzeText":false},{"Description":"__js_trial2_rightRecode","Type":"Recipient","Field":"__js_trial2_rightRecode","VariableType":"String","DataVisibility":[],"AnalyzeText":false},{"Description":"__js_trial2_aiRecommended","Type":"Recipient","Field":"__js_trial2_aiRecommended","VariableType":"String","DataVisibility":[],"AnalyzeText":false},{"Description":"__js_trial2_diversityCue","Type":"Recipient","Field":"__js_trial2_diversityCue","VariableType":"String","DataVisibility":[],"AnalyzeText":false},{"Description":"__js_trial2_choiceId","Type":"Recipient","Field":"__js_trial2_choiceId","VariableType":"String","DataVisibility":[],"AnalyzeText":false},{"Description":"__js_trial3_conditionKey","Type":"Recipient","Field":"__js_trial3_conditionKey","VariableType":"String","DataVisibility":[],"AnalyzeText":false},{"Description":"__js_trial3_JobAd","Type":"Recipient","Field":"__js_trial3_JobAd","VariableType":"String","DataVisibility":[],"AnalyzeText":false},{"Description":"__js_trial3_leftCandidate","Type":"Recipient","Field":"__js_trial3_leftCandidate","VariableType":"String","DataVisibility":[],"AnalyzeText":false},{"Description":"__js_trial3_leftLabel","Type":"Recipient","Field":"__js_trial3_leftLabel","VariableType":"String","DataVisibility":[],"AnalyzeText":false},{"Description":"__js_trial3_leftChoiceId","Type":"Recipient","Field":"__js_trial3_leftChoiceId","VariableType":"String","DataVisibility":[],"AnalyzeText":false},{"Description":"__js_trial3_leftRecode","Type":"Recipient","Field":"__js_trial3_leftRecode","VariableType":"String","DataVisibility":[],"AnalyzeText":false},{"Description":"__js_trial3_rightCandidate","Type":"Recipient","Field":"__js_trial3_rightCandidate","VariableType":"String","DataVisibility":[],"AnalyzeText":false},{"Description":"__js_trial3_rightLabel","Type":"Recipient","Field":"__js_trial3_rightLabel","VariableType":"String","DataVisibility":[],"AnalyzeText":false},{"Description":"__js_trial3_rightChoiceId","Type":"Recipient","Field":"__js_trial3_rightChoiceId","VariableType":"String","DataVisibility":[],"AnalyzeText":false},{"Description":"__js_trial3_rightRecode","Type":"Recipient","Field":"__js_trial3_rightRecode","VariableType":"String","DataVisibility":[],"AnalyzeText":false},{"Description":"__js_trial3_aiRecommended","Type":"Recipient","Field":"__js_trial3_aiRecommended","VariableType":"String","DataVisibility":[],"AnalyzeText":false},{"Description":"__js_trial3_diversityCue","Type":"Recipient","Field":"__js_trial3_diversityCue","VariableType":"String","DataVisibility":[],"AnalyzeText":false},{"Description":"__js_trial3_choiceId","Type":"Recipient","Field":"__js_trial3_choiceId","VariableType":"String","DataVisibility":[],"AnalyzeText":false}]},{"Type":"Block","ID":"BL_daSsDmqM6jgLiiq","FlowID":"FL_36","Autofill":[]}],"Properties":{"Count":38}}},{"SurveyID":"SV_4ZwUh5oDIjKKgU6","Element":"NT","PrimaryAttribute":"NT_09uZRRjp1l5fo4m","SecondaryAttribute":null,"TertiaryAttribute":null,"Payload":{"Notes":[{"Message":"Lankton et al. (2015)","ID":"NO_ba6FAoUhKmIJ3Iq","UserID":"UR_1ZzZlgmAsB74vfD","Timestamp":1719885742,"Removed":true},{"Message":"Lankton et al. (2015) + Dan Chen and Benson (2023) + Self","ID":"NO_1GqPGpHxWcGRVJA","UserID":"UR_1ZzZlgmAsB74vfD","Timestamp":1719885935,"Removed":true},{"Message":"Lankton et al. (2015) + Dan Chen and Benson (2023) + Wording changes","ID":"NO_3wygusKuhpc2sBM","UserID":"UR_1ZzZlgmAsB74vfD","Timestamp":1719886014,"Removed":true},{"Message":"Lankton et al. (2015) + Dan Chen and Benson (2023) + Choung et al. (2023) + Wording changes","ID":"NO_cApuhgtkC6DV57U","UserID":"UR_1ZzZlgmAsB74vfD","Timestamp":1720001535,"Removed":false},{"Message":"Changed to: Choung et al. (2023)","ID":"NO_79apnLI9Ktip2nk","UserID":"UR_1ZzZlgmAsB74vfD","Timestamp":1720174866,"Removed":false},{"Message":"Pilot test only","ID":"NO_9LULPlfGH7nTf2m","UserID":"UR_1ZzZlgmAsB74vfD","Timestamp":1720535891,"Removed":false}],"UserStatuses":{"UR_1ZzZlgmAsB74vfD":"Expanded"},"ParentID":"QID30","ID":"NT_09uZRRjp1l5fo4m"}},{"SurveyID":"SV_4ZwUh5oDIjKKgU6","Element":"NT","PrimaryAttribute":"NT_0CaQrvfeAfbidVA","SecondaryAttribute":null,"TertiaryAttribute":null,"Payload":{"Notes":[{"Message":"Dan Chen and Benson (2023)","ID":"NO_0JtOXp4HCiOW3hI","UserID":"UR_1ZzZlgmAsB74vfD","Timestamp":1719886397,"Removed":true},{"Message":"Dan Chen and Benson (2023) + Wording changes","ID":"NO_bC8Qplla6Xss2ma","UserID":"UR_1ZzZlgmAsB74vfD","Timestamp":1720010487,"Removed":false}],"UserStatuses":{"UR_1ZzZlgmAsB74vfD":"Expanded"},"ParentID":"QID29","ID":"NT_0CaQrvfeAfbidVA"}},{"SurveyID":"SV_4ZwUh5oDIjKKgU6","Element":"NT","PrimaryAttribute":"NT_0NEOrwIf7xiH7P8","SecondaryAttribute":null,"TertiaryAttribute":null,"Payload":{"Notes":[{"Message":"Lankton et al. (2015)","ID":"NO_bfqoikK9DVqmNn0","UserID":"UR_1ZzZlgmAsB74vfD","Timestamp":1719892079,"Removed":true},{"Message":"Lankton et al. (2015) + Wording changes","ID":"NO_erCjZFSP0JAEjSC","UserID":"UR_1ZzZlgmAsB74vfD","Timestamp":1719892187,"Removed":true},{"Message":"Lankton et al. (2015) + Eisbach et al. (2023) + Wording changes","ID":"NO_0J5R9DbWxUXPxzg","UserID":"UR_1ZzZlgmAsB74vfD","Timestamp":1719896196,"Removed":true},{"Message":"Thielsch et al. (2018) + Lankton et al. (2015) + Eisbach et al. (2023) + Wording changes","ID":"NO_1MHTPlAaxrTknXg","UserID":"UR_1ZzZlgmAsB74vfD","Timestamp":1720176523,"Removed":false}],"UserStatuses":{"UR_1ZzZlgmAsB74vfD":"Expanded"},"ParentID":"QID74","ID":"NT_0NEOrwIf7xiH7P8"}},{"SurveyID":"SV_4ZwUh5oDIjKKgU6","Element":"NT","PrimaryAttribute":"NT_0SCkOOP904fGM06","SecondaryAttribute":null,"TertiaryAttribute":null,"Payload":{"Notes":[{"Message":"Gursoy et al. (2019) + Aydemir (2023) + Wording changes\n\nChanged to: Gursoy et al. (2019) + Lu et al. (2019)","ID":"NO_eDuqifYpOmiDYdE","UserID":"UR_1ZzZlgmAsB74vfD","Timestamp":1720623930,"Removed":false}],"UserStatuses":{"UR_1ZzZlgmAsB74vfD":"Expanded"},"ParentID":"QID121","ID":"NT_0SCkOOP904fGM06"}},{"SurveyID":"SV_4ZwUh5oDIjKKgU6","Element":"NT","PrimaryAttribute":"NT_0SWXJJiFaj3Ct1k","SecondaryAttribute":null,"TertiaryAttribute":null,"Payload":{"Notes":[{"Message":"Eisbach et al. (2023)","ID":"NO_dbSbFxXDNEskNbo","UserID":"UR_1ZzZlgmAsB74vfD","Timestamp":1720176797,"Removed":false}],"UserStatuses":{"UR_1ZzZlgmAsB74vfD":"Expanded"},"ParentID":"QID105","ID":"NT_0SWXJJiFaj3Ct1k"}},{"SurveyID":"SV_4ZwUh5oDIjKKgU6","Element":"NT","PrimaryAttribute":"NT_0Sxv9Z8jmSAjI7s","SecondaryAttribute":null,"TertiaryAttribute":null,"Payload":{"Notes":[{"Message":"Schepman & Rodway (2023) + Wording changes","ID":"NO_55eqbswYSTpix5c","UserID":"UR_1ZzZlgmAsB74vfD","Timestamp":1719886674,"Removed":false}],"UserStatuses":{"UR_1ZzZlgmAsB74vfD":"Expanded"},"ParentID":"QID51","ID":"NT_0Sxv9Z8jmSAjI7s"}},{"SurveyID":"SV_4ZwUh5oDIjKKgU6","Element":"NT","PrimaryAttribute":"NT_0kuBEgfnL2u2EB0","SecondaryAttribute":null,"TertiaryAttribute":null,"Payload":{"Notes":[{"Message":"Gursoy et al. (2019) + Aydemir (2023) + Wording changes\n\nChanged to: Gursoy et al. (2019) + Lu et al. (2019)","ID":"NO_6hAXaCfkDgrZ978","UserID":"UR_1ZzZlgmAsB74vfD","Timestamp":1720623910,"Removed":false}],"UserStatuses":{"UR_1ZzZlgmAsB74vfD":"Expanded"},"ParentID":"QID124","ID":"NT_0kuBEgfnL2u2EB0"}},{"SurveyID":"SV_4ZwUh5oDIjKKgU6","Element":"NT","PrimaryAttribute":"NT_1H9ZSk0HlCh3XmK","SecondaryAttribute":null,"TertiaryAttribute":null,"Payload":{"Notes":[{"Message":"Cecil et al. (2024)","ID":"NO_eIFfM5vfnaHf7p4","UserID":"UR_1ZzZlgmAsB74vfD","Timestamp":1720011664,"Removed":true},{"Message":"Lacroux and Martin-Lacroux (2022)","ID":"NO_a4Qxcy1Mv141gOO","UserID":"UR_1ZzZlgmAsB74vfD","Timestamp":1720011974,"Removed":false}],"UserStatuses":{"UR_1ZzZlgmAsB74vfD":"Expanded"},"ParentID":"QID93","ID":"NT_1H9ZSk0HlCh3XmK"}},{"SurveyID":"SV_4ZwUh5oDIjKKgU6","Element":"NT","PrimaryAttribute":"NT_1MncR35I5Ga7v26","SecondaryAttribute":null,"TertiaryAttribute":null,"Payload":{"Notes":[{"Message":"Aydemir (2023)","ID":"NO_eRohfHVkfuPvcx0","UserID":"UR_1ZzZlgmAsB74vfD","Timestamp":1719998567,"Removed":false}],"UserStatuses":{"UR_1ZzZlgmAsB74vfD":"Expanded"},"ParentID":"QID26","ID":"NT_1MncR35I5Ga7v26"}},{"SurveyID":"SV_4ZwUh5oDIjKKgU6","Element":"NT","PrimaryAttribute":"NT_1YUKodn4iMfS4DA","SecondaryAttribute":null,"TertiaryAttribute":null,"Payload":{"Notes":[{"Message":"Schepman & Rodway (2023)","ID":"NO_cGAKpff7kYgfYsC","UserID":"UR_1ZzZlgmAsB74vfD","Timestamp":1719886586,"Removed":false}],"UserStatuses":{"UR_1ZzZlgmAsB74vfD":"Expanded"},"ParentID":"QID50","ID":"NT_1YUKodn4iMfS4DA"}},{"SurveyID":"SV_4ZwUh5oDIjKKgU6","Element":"NT","PrimaryAttribute":"NT_24vHrEbh73aOrFs","SecondaryAttribute":null,"TertiaryAttribute":null,"Payload":{"Notes":[{"Message":"Cecil et al. (2024)","ID":"NO_7WCVQWt9KISEItg","UserID":"UR_1ZzZlgmAsB74vfD","Timestamp":1719887980,"Removed":false}],"UserStatuses":{"UR_1ZzZlgmAsB74vfD":"Expanded"},"ParentID":"QID55","ID":"NT_24vHrEbh73aOrFs"}},{"SurveyID":"SV_4ZwUh5oDIjKKgU6","Element":"NT","PrimaryAttribute":"NT_3DXB1yZaeICWoei","SecondaryAttribute":null,"TertiaryAttribute":null,"Payload":{"Notes":[{"Message":"Franke et al. (2019)","ID":"NO_0Cd4BCh6ipeOMsK","UserID":"UR_1ZzZlgmAsB74vfD","Timestamp":1719892892,"Removed":false}],"UserStatuses":{"UR_1ZzZlgmAsB74vfD":"Expanded"},"ParentID":"QID82","ID":"NT_3DXB1yZaeICWoei"}},{"SurveyID":"SV_4ZwUh5oDIjKKgU6","Element":"NT","PrimaryAttribute":"NT_3yMSJxdiG1kjQTY","SecondaryAttribute":null,"TertiaryAttribute":null,"Payload":{"Notes":[{"Message":"Cecil et al. (2024)","ID":"NO_9yrcTK9l39Vpx42","UserID":"UR_1ZzZlgmAsB74vfD","Timestamp":1719890669,"Removed":false}],"UserStatuses":{"UR_1ZzZlgmAsB74vfD":"Expanded"},"ParentID":"QID80","ID":"NT_3yMSJxdiG1kjQTY"}},{"SurveyID":"SV_4ZwUh5oDIjKKgU6","Element":"NT","PrimaryAttribute":"NT_5pdU1XWBzTZm0wC","SecondaryAttribute":null,"TertiaryAttribute":null,"Payload":{"Notes":[{"Message":"Dan Chen and Benson (2023) + Self","ID":"NO_9uYckcb0WbPCx38","UserID":"UR_1ZzZlgmAsB74vfD","Timestamp":1719886931,"Removed":true},{"Message":"Cecil et al. (2024) + Dan Chen and Benson (2023)","ID":"NO_2s4fEemrL7fk0zY","UserID":"UR_1ZzZlgmAsB74vfD","Timestamp":1719887429,"Removed":true},{"Message":"Cecil et al. (2024) + Dan Chen and Benson (2023) + Self","ID":"NO_9t1JCJZ5T7wo7Qi","UserID":"UR_1ZzZlgmAsB74vfD","Timestamp":1719888388,"Removed":true},{"Message":"Cecil et al. (2024) + Eisbach et al. (2023) + Dan Chen and Benson (2023) + Wording changes","ID":"NO_1zYJtYNC1n4qCkC","UserID":"UR_1ZzZlgmAsB74vfD","Timestamp":1719892357,"Removed":true},{"Message":"Eisbach et al. (2023) + Dan Chen and Benson (2023) + Wording changes","ID":"NO_9SSKERvJkfN4aUu","UserID":"UR_1ZzZlgmAsB74vfD","Timestamp":1719892433,"Removed":false}],"UserStatuses":{"UR_1ZzZlgmAsB74vfD":"Expanded"},"ParentID":"QID37","ID":"NT_5pdU1XWBzTZm0wC"}},{"SurveyID":"SV_4ZwUh5oDIjKKgU6","Element":"NT","PrimaryAttribute":"NT_6Jq9SOxSuCTWmDY","SecondaryAttribute":null,"TertiaryAttribute":null,"Payload":{"Notes":[{"Message":"Rammstedt and John (2007)","ID":"NO_7PLUwdUWk1Smvyu","UserID":"UR_1ZzZlgmAsB74vfD","Timestamp":1719896621,"Removed":false}],"UserStatuses":{"UR_1ZzZlgmAsB74vfD":"Expanded"},"ParentID":"QID88","ID":"NT_6Jq9SOxSuCTWmDY"}},{"SurveyID":"SV_4ZwUh5oDIjKKgU6","Element":"NT","PrimaryAttribute":"NT_6Wjv05LclS1UKEK","SecondaryAttribute":null,"TertiaryAttribute":null,"Payload":{"Notes":[{"Message":"Gursoy et al. (2019) + Aydemir (2023) + Wording changes","ID":"NO_1WT5WACvpn6XjUy","UserID":"UR_1ZzZlgmAsB74vfD","Timestamp":1719885995,"Removed":false},{"Message":"Changed to: Only Gursoy et al. (2019)","ID":"NO_3l61zAkBINkTHwi","UserID":"UR_1ZzZlgmAsB74vfD","Timestamp":1720173115,"Removed":true},{"Message":"Changed to: Gursoy et al. (2019) + Lu et al. (2019)","ID":"NO_1YsxggSyDlWV0ea","UserID":"UR_1ZzZlgmAsB74vfD","Timestamp":1720173359,"Removed":false},{"Message":"Split into subfactors","ID":"NO_72GUb79Q8Ws9hRk","UserID":"UR_1ZzZlgmAsB74vfD","Timestamp":1720535489,"Removed":false},{"Message":"Only use performance expectancy and effort expectancy","ID":"NO_6LiCZuOS80kPgXQ","UserID":"UR_1ZzZlgmAsB74vfD","Timestamp":1720535946,"Removed":false}],"UserStatuses":{"UR_1ZzZlgmAsB74vfD":"Expanded"},"ParentID":"QID73","ID":"NT_6Wjv05LclS1UKEK"}},{"SurveyID":"SV_4ZwUh5oDIjKKgU6","Element":"NT","PrimaryAttribute":"NT_7OOr3o6rxYvLH02","SecondaryAttribute":null,"TertiaryAttribute":null,"Payload":{"Notes":[{"Message":"Pilot test only","ID":"NO_cYE8Rvec923STVY","UserID":"UR_1ZzZlgmAsB74vfD","Timestamp":1720621972,"Removed":false}],"UserStatuses":{"UR_1ZzZlgmAsB74vfD":"Expanded"},"ParentID":"QID125","ID":"NT_7OOr3o6rxYvLH02"}},{"SurveyID":"SV_4ZwUh5oDIjKKgU6","Element":"NT","PrimaryAttribute":"NT_8l94A0Fmak2No1M","SecondaryAttribute":null,"TertiaryAttribute":null,"Payload":{"Notes":[{"Message":"Dan Chen and Benson (2023)","ID":"NO_816V9XGGRiGaWd8","UserID":"UR_1ZzZlgmAsB74vfD","Timestamp":1719998651,"Removed":false}],"UserStatuses":{"UR_1ZzZlgmAsB74vfD":"Expanded"},"ParentID":"QID25","ID":"NT_8l94A0Fmak2No1M"}},{"SurveyID":"SV_4ZwUh5oDIjKKgU6","Element":"NT","PrimaryAttribute":"NT_8qBAAQh78Dyox3E","SecondaryAttribute":null,"TertiaryAttribute":null,"Payload":{"Notes":[{"Message":"Gursoy et al. (2019) + Aydemir (2023) + Wording changes\n\nChanged to: Gursoy et al. (2019) + Lu et al. (2019)","ID":"NO_9ohCVXvvUq4ywaa","UserID":"UR_1ZzZlgmAsB74vfD","Timestamp":1720623925,"Removed":false}],"UserStatuses":{"UR_1ZzZlgmAsB74vfD":"Expanded"},"ParentID":"QID122","ID":"NT_8qBAAQh78Dyox3E"}},{"SurveyID":"SV_4ZwUh5oDIjKKgU6","Element":"NT","PrimaryAttribute":"NT_8wEkenqSy2vOh6e","SecondaryAttribute":null,"TertiaryAttribute":null,"Payload":{"Notes":[{"Message":"Lins de Holanda Coelho et al. (2020) + Eisbach et al. (2023) + Thielsch et al. (2018)","ID":"NO_6Pw9FN8oHcsN6MS","UserID":"UR_1ZzZlgmAsB74vfD","Timestamp":1720177626,"Removed":false}],"UserStatuses":{"UR_1ZzZlgmAsB74vfD":"Expanded"},"ParentID":"QID106","ID":"NT_8wEkenqSy2vOh6e"}},{"SurveyID":"SV_4ZwUh5oDIjKKgU6","Element":"NT","PrimaryAttribute":"NT_aeYPsOBjNrw06wK","SecondaryAttribute":null,"TertiaryAttribute":null,"Payload":{"Notes":[{"Message":"Kupfer et al. (2023) + Wording changes","ID":"NO_bQQi6jSIzEZNvg2","UserID":"UR_1ZzZlgmAsB74vfD","Timestamp":1719889448,"Removed":true},{"Message":"Kupfer et al. (2023) + Self + Wording changes","ID":"NO_czEDoggSGwhLg0e","UserID":"UR_1ZzZlgmAsB74vfD","Timestamp":1719889902,"Removed":false}],"UserStatuses":{"UR_1ZzZlgmAsB74vfD":"Expanded"},"ParentID":"QID79","ID":"NT_aeYPsOBjNrw06wK"}},{"SurveyID":"SV_4ZwUh5oDIjKKgU6","Element":"NT","PrimaryAttribute":"NT_b8HjFnYITqT5hyu","SecondaryAttribute":null,"TertiaryAttribute":null,"Payload":{"Notes":[{"Message":"Laupichler et al. (2023) - Subfactor 3 - Practical Application","ID":"NO_0Sy50EH9w2YoZKe","UserID":"UR_1ZzZlgmAsB74vfD","Timestamp":1719886543,"Removed":false}],"UserStatuses":{"UR_1ZzZlgmAsB74vfD":"Expanded"},"ParentID":"QID49","ID":"NT_b8HjFnYITqT5hyu"}},{"SurveyID":"SV_4ZwUh5oDIjKKgU6","Element":"NT","PrimaryAttribute":"NT_cOLAHqxpBYDuRIG","SecondaryAttribute":null,"TertiaryAttribute":null,"Payload":{"Notes":[{"Message":"Payment will be arranged by panel company, remove bsn info","ID":"NO_8iChoUZ8ZRHRgai","UserID":"UR_1ZzZlgmAsB74vfD","Timestamp":1720536772,"Removed":false}],"UserStatuses":{"UR_1ZzZlgmAsB74vfD":"Expanded"},"ParentID":"QID46","ID":"NT_cOLAHqxpBYDuRIG"}},{"SurveyID":"SV_4ZwUh5oDIjKKgU6","Element":"NT","PrimaryAttribute":"NT_cPhTaE4ZLotR6AK","SecondaryAttribute":null,"TertiaryAttribute":null,"Payload":{"Notes":[{"Message":"Cecil et al. (2024)","ID":"NO_eWGA4gQ0YnmRbyC","UserID":"UR_1ZzZlgmAsB74vfD","Timestamp":1719890664,"Removed":false}],"UserStatuses":{"UR_1ZzZlgmAsB74vfD":"Expanded"},"ParentID":"QID81","ID":"NT_cPhTaE4ZLotR6AK"}},{"SurveyID":"SV_4ZwUh5oDIjKKgU6","Element":"NT","PrimaryAttribute":"NT_cROi5GzoCT8GNo2","SecondaryAttribute":null,"TertiaryAttribute":null,"Payload":{"Notes":[{"Message":"Centraal Bureau voor de Statistiek (2018)","ID":"NO_8vKzg3za4fGmeto","UserID":"UR_1ZzZlgmAsB74vfD","Timestamp":1719998050,"Removed":true},{"Message":"Centraal Bureau voor de Statistiek (2018) + Lu et al. (2019)","ID":"NO_etgrivxVQrgzpNs","UserID":"UR_1ZzZlgmAsB74vfD","Timestamp":1720173485,"Removed":false}],"UserStatuses":{"UR_1ZzZlgmAsB74vfD":"Expanded"},"ParentID":"QID1215645738","ID":"NT_cROi5GzoCT8GNo2"}},{"SurveyID":"SV_4ZwUh5oDIjKKgU6","Element":"NT","PrimaryAttribute":"NT_cZ33OIgwCE6qNYa","SecondaryAttribute":null,"TertiaryAttribute":null,"Payload":{"Notes":[{"Message":"Choung et al. (2023)","ID":"NO_cJiTQ28RMm99UDc","UserID":"UR_1ZzZlgmAsB74vfD","Timestamp":1719894895,"Removed":false},{"Message":"Pilot test only","ID":"NO_2h1qGvBvEb0tHz8","UserID":"UR_1ZzZlgmAsB74vfD","Timestamp":1720535884,"Removed":false}],"UserStatuses":{"UR_1ZzZlgmAsB74vfD":"Expanded"},"ParentID":"QID87","ID":"NT_cZ33OIgwCE6qNYa"}},{"SurveyID":"SV_4ZwUh5oDIjKKgU6","Element":"NT","PrimaryAttribute":"NT_d4pQxXtwUmpo994","SecondaryAttribute":null,"TertiaryAttribute":null,"Payload":{"Notes":[{"Message":"Langer et al. (2022) + Thielsch et al. (2018) + Wording changes","ID":"NO_bjutVEUB2894Qpo","UserID":"UR_1ZzZlgmAsB74vfD","Timestamp":1720015573,"Removed":false}],"UserStatuses":{"UR_1ZzZlgmAsB74vfD":"Expanded"},"ParentID":"QID94","ID":"NT_d4pQxXtwUmpo994"}},{"SurveyID":"SV_4ZwUh5oDIjKKgU6","Element":"NT","PrimaryAttribute":"NT_dhbTOulTI42visK","SecondaryAttribute":null,"TertiaryAttribute":null,"Payload":{"Notes":[{"Message":"Gonzalez et al. (2022)","ID":"NO_1KT0U7UMM5HgryK","UserID":"UR_1ZzZlgmAsB74vfD","Timestamp":1720767483,"Removed":false}],"UserStatuses":{"UR_1ZzZlgmAsB74vfD":"Expanded"},"ParentID":"QID127","ID":"NT_dhbTOulTI42visK"}},{"SurveyID":"SV_4ZwUh5oDIjKKgU6","Element":"NT","PrimaryAttribute":"NT_dn9uM9FImP4eyge","SecondaryAttribute":null,"TertiaryAttribute":null,"Payload":{"Notes":[{"Message":"Gursoy et al. (2019) + Aydemir (2023) + Wording changes\n\nChanged to: Gursoy et al. (2019) + Lu et al. (2019)","ID":"NO_7QfhU9F7RMdvDtI","UserID":"UR_1ZzZlgmAsB74vfD","Timestamp":1720623917,"Removed":false}],"UserStatuses":{"UR_1ZzZlgmAsB74vfD":"Expanded"},"ParentID":"QID123","ID":"NT_dn9uM9FImP4eyge"}},{"SurveyID":"SV_4ZwUh5oDIjKKgU6","Element":"NT","PrimaryAttribute":"NT_eE7KELSJABdNZ1c","SecondaryAttribute":null,"TertiaryAttribute":null,"Payload":{"Notes":[{"Message":"H\u00f6ddinghaus et al. (2021) + Langer et al. (2022) + Wording changes","ID":"NO_bOAWkXplDMFzIkC","UserID":"UR_1ZzZlgmAsB74vfD","Timestamp":1720014307,"Removed":false}],"UserStatuses":{"UR_1ZzZlgmAsB74vfD":"Expanded"},"ParentID":"QID92","ID":"NT_eE7KELSJABdNZ1c"}},{"SurveyID":"SV_4ZwUh5oDIjKKgU6","Element":"PL","PrimaryAttribute":"Preview Link","SecondaryAttribute":null,"TertiaryAttribute":null,"Payload":{"PreviewType":"Brand","PreviewID":"c63960bf-c854-4c64-b331-9c83a90afd6d"}},{"SurveyID":"SV_4ZwUh5oDIjKKgU6","Element":"RS","PrimaryAttribute":"RS_9HwfOp2JOssFEnY","SecondaryAttribute":null,"TertiaryAttribute":null,"Payload":null},{"SurveyID":"SV_4ZwUh5oDIjKKgU6","Element":"SO","PrimaryAttribute":"Survey Options","SecondaryAttribute":null,"TertiaryAttribute":null,"Payload":{"BackButton":"false","SaveAndContinue":"true","SurveyProtection":"PublicSurvey","BallotBoxStuffingPrevention":"false","NoIndex":"Yes","SecureResponseFiles":"true","SurveyExpiration":"None","SurveyTermination":"DefaultMessage","Header":"","Footer":"","ProgressBarDisplay":"VerboseText","PartialData":"+1 week","ValidationMessage":null,"PreviousButton":"","NextButton":"","SurveyTitle":"Qualtrics Survey | Qualtrics Experience Management","SkinLibrary":"uva","SkinType":"component","Skin":{"brandingId":"3067498872","templateId":"*simple","overrides":{"nps":{"mobileVertical":true},"questionText":{"size":"23px"},"logo":{"url":""}}},"NewScoring":1,"SurveyMetaDescription":"The most powerful, simple and trusted way to gather experience data. Start your journey to experience management and try a free account today.","CustomStyles":[],"EOSMessage":"MS_5dSWYNbxPMW1pWu","ShowExportTags":"false","CollectGeoLocation":"false","PasswordProtection":"No","AnonymizeResponse":"Yes","RefererCheck":"No","RecaptchaV3":"false","ConfirmStart":true,"AutoConfirmStart":true,"RelevantID":"false","RelevantIDLockoutPeriod":"+30 days","UseCustomSurveyLinkCompletedMessage":null,"SurveyLinkCompletedMessage":null,"SurveyLinkCompletedMessageLibrary":null,"ResponseSummary":"No","EOSMessageLibrary":"UR_1ZzZlgmAsB74vfD","EOSRedirectURL":"http:\/\/","EmailThankYou":"false","ThankYouEmailMessageLibrary":null,"ThankYouEmailMessage":null,"ValidateMessage":"false","ValidationMessageLibrary":null,"InactiveSurvey":"DefaultMessage","PartialDeletion":null,"PartialDataCloseAfter":"LastActivity","InactiveMessageLibrary":null,"InactiveMessage":null,"AvailableLanguages":{"EN":[]},"headerLid":"","headerMid":"","footerLid":"","footerMid":"","ProtectSelectionIds":true,"SurveyName":"Survey Flow Embedded Data","SurveyAnalysisDisabled":true}},{"SurveyID":"SV_4ZwUh5oDIjKKgU6","Element":"QGO","PrimaryAttribute":"QGO_QuotaGroupOrder","SecondaryAttribute":null,"TertiaryAttribute":null,"Payload":["QG_muyvrORRwUzctBs"]},{"SurveyID":"SV_4ZwUh5oDIjKKgU6","Element":"SCO","PrimaryAttribute":"Scoring","SecondaryAttribute":null,"TertiaryAttribute":null,"Payload":{"ScoringCategories":[],"ScoringCategoryGroups":[],"ScoringSummaryCategory":null,"ScoringSummaryAfterQuestions":0,"ScoringSummaryAfterSurvey":0,"DefaultScoringCategory":null,"AutoScoringCategory":null}},{"SurveyID":"SV_4ZwUh5oDIjKKgU6","Element":"PROJ","PrimaryAttribute":"CORE","SecondaryAttribute":null,"TertiaryAttribute":"1.1.0","Payload":{"ProjectCategory":"CORE","SchemaVersion":"1.1.0"}},{"SurveyID":"SV_4ZwUh5oDIjKKgU6","Element":"STAT","PrimaryAttribute":"Survey Statistics","SecondaryAttribute":null,"TertiaryAttribute":null,"Payload":{"MobileCompatible":true,"ID":"Survey Statistics"}},{"SurveyID":"SV_4ZwUh5oDIjKKgU6","Element":"QC","PrimaryAttribute":"Survey Question Count","SecondaryAttribute":"329","TertiaryAttribute":null,"Payload":null},{"SurveyID":"SV_4ZwUh5oDIjKKgU6","Element":"QG","PrimaryAttribute":"QG_muyvrORRwUzctBs","SecondaryAttribute":"Default Quota Group","TertiaryAttribute":null,"Payload":{"ID":"QG_muyvrORRwUzctBs","Name":"Default Quota Group","Selected":true,"MultipleMatch":"PlaceInAll","Public":false,"Quotas":[]}}]}